
Microsoft Visual Studio Solution File, Format Version 12.00
# Visual Studio 14
VisualStudioVersion = 14.0.25420.1
MinimumVisualStudioVersion = 10.0.40219.1
Project("{FAE04EC0-301F-11D3-BF4B-00C04F79EFBC}") = "RealEstateExample", "RealEstateExample\RealEstateExample.csproj", "{F5CC5B18-47CF-4C00-88DA-895D93CD14FE}"
EndProject
Project("{FAE04EC0-301F-11D3-BF4B-00C04F79EFBC}") = "RealEstateExample.Tests", "RealEstateExample.Tests\RealEstateExample.Tests.csproj", "{4042B572-ED8C-45B4-9766-891CB6FBDDD0}"
EndProject
Global
	GlobalSection(SolutionConfigurationPlatforms) = preSolution
		Debug|Any CPU = Debug|Any CPU
		Release|Any CPU = Release|Any CPU
	EndGlobalSection
	GlobalSection(ProjectConfigurationPlatforms) = postSolution
		{F5CC5B18-47CF-4C00-88DA-895D93CD14FE}.Debug|Any CPU.ActiveCfg = Debug|Any CPU
		{F5CC5B18-47CF-4C00-88DA-895D93CD14FE}.Debug|Any CPU.Build.0 = Debug|Any CPU
		{F5CC5B18-47CF-4C00-88DA-895D93CD14FE}.Release|Any CPU.ActiveCfg = Release|Any CPU
		{F5CC5B18-47CF-4C00-88DA-895D93CD14FE}.Release|Any CPU.Build.0 = Release|Any CPU
		{4042B572-ED8C-45B4-9766-891CB6FBDDD0}.Debug|Any CPU.ActiveCfg = Debug|Any CPU
		{4042B572-ED8C-45B4-9766-891CB6FBDDD0}.Debug|Any CPU.Build.0 = Debug|Any CPU
		{4042B572-ED8C-45B4-9766-891CB6FBDDD0}.Release|Any CPU.ActiveCfg = Release|Any CPU
		{4042B572-ED8C-45B4-9766-891CB6FBDDD0}.Release|Any CPU.Build.0 = Release|Any CPU
	EndGlobalSection
	GlobalSection(SolutionProperties) = preSolution
		HideSolutionNode = FALSE
	EndGlobalSection
EndGlobal
